
Microsoft Visual Studio Solution File, Format Version 12.00
# Visual Studio Version 17
VisualStudioVersion = 17.11.35303.130
MinimumVisualStudioVersion = 10.0.40219.1
Project("{FAE04EC0-301F-11D3-BF4B-00C04F79EFBC}") = "Implementazione Thread", "Implementazione Thread.csproj", "{685CF66C-D693-4C3B-9C7F-8F38F582357E}"
EndProject
Global
	GlobalSection(SolutionConfigurationPlatforms) = preSolution
		Debug|Any CPU = Debug|Any CPU
		Release|Any CPU = Release|Any CPU
	EndGlobalSection
	GlobalSection(ProjectConfigurationPlatforms) = postSolution
		{685CF66C-D693-4C3B-9C7F-8F38F582357E}.Debug|Any CPU.ActiveCfg = Debug|Any CPU
		{685CF66C-D693-4C3B-9C7F-8F38F582357E}.Debug|Any CPU.Build.0 = Debug|Any CPU
		{685CF66C-D693-4C3B-9C7F-8F38F582357E}.Release|Any CPU.ActiveCfg = Release|Any CPU
		{685CF66C-D693-4C3B-9C7F-8F38F582357E}.Release|Any CPU.Build.0 = Release|Any CPU
	EndGlobalSection
	GlobalSection(SolutionProperties) = preSolution
		HideSolutionNode = FALSE
	EndGlobalSection
	GlobalSection(ExtensibilityGlobals) = postSolution
		SolutionGuid = {042D7A57-728F-4AC7-A088-F97704018FCC}
	EndGlobalSection
EndGlobal
