
Microsoft Visual Studio Solution File, Format Version 12.00
# Visual Studio Version 17
VisualStudioVersion = 17.3.32901.215
MinimumVisualStudioVersion = 10.0.40219.1
Project("{FAE04EC0-301F-11D3-BF4B-00C04F79EFBC}") = "08_Bowling", "08_Bowling.csproj", "{2C03F3F3-9E07-4A14-B3E2-9DAD5093E064}"
EndProject
Global
	GlobalSection(SolutionConfigurationPlatforms) = preSolution
		Debug|Any CPU = Debug|Any CPU
		Release|Any CPU = Release|Any CPU
	EndGlobalSection
	GlobalSection(ProjectConfigurationPlatforms) = postSolution
		{2C03F3F3-9E07-4A14-B3E2-9DAD5093E064}.Debug|Any CPU.ActiveCfg = Debug|Any CPU
		{2C03F3F3-9E07-4A14-B3E2-9DAD5093E064}.Debug|Any CPU.Build.0 = Debug|Any CPU
		{2C03F3F3-9E07-4A14-B3E2-9DAD5093E064}.Release|Any CPU.ActiveCfg = Release|Any CPU
		{2C03F3F3-9E07-4A14-B3E2-9DAD5093E064}.Release|Any CPU.Build.0 = Release|Any CPU
	EndGlobalSection
	GlobalSection(SolutionProperties) = preSolution
		HideSolutionNode = FALSE
	EndGlobalSection
	GlobalSection(ExtensibilityGlobals) = postSolution
		SolutionGuid = {94BB7DCA-E8E6-46C5-BB83-CE69203AA1D3}
	EndGlobalSection
EndGlobal
