
Microsoft Visual Studio Solution File, Format Version 12.00
# Visual Studio Version 17
VisualStudioVersion = 17.3.32901.215
MinimumVisualStudioVersion = 10.0.40219.1
Project("{FAE04EC0-301F-11D3-BF4B-00C04F79EFBC}") = "14_VideogiochiSQLServer", "14_VideogiochiSQLServer.csproj", "{572BEDE9-6FF0-4119-A175-106C0D9FEE0E}"
EndProject
Global
	GlobalSection(SolutionConfigurationPlatforms) = preSolution
		Debug|Any CPU = Debug|Any CPU
		Release|Any CPU = Release|Any CPU
	EndGlobalSection
	GlobalSection(ProjectConfigurationPlatforms) = postSolution
		{572BEDE9-6FF0-4119-A175-106C0D9FEE0E}.Debug|Any CPU.ActiveCfg = Debug|Any CPU
		{572BEDE9-6FF0-4119-A175-106C0D9FEE0E}.Debug|Any CPU.Build.0 = Debug|Any CPU
		{572BEDE9-6FF0-4119-A175-106C0D9FEE0E}.Release|Any CPU.ActiveCfg = Release|Any CPU
		{572BEDE9-6FF0-4119-A175-106C0D9FEE0E}.Release|Any CPU.Build.0 = Release|Any CPU
	EndGlobalSection
	GlobalSection(SolutionProperties) = preSolution
		HideSolutionNode = FALSE
	EndGlobalSection
	GlobalSection(ExtensibilityGlobals) = postSolution
		SolutionGuid = {10E17D37-E9AF-46CA-8DC1-E0C02E2D1069}
	EndGlobalSection
EndGlobal
