
Microsoft Visual Studio Solution File, Format Version 12.00
# Visual Studio Version 17
VisualStudioVersion = 17.14.36616.10 d17.14
MinimumVisualStudioVersion = 10.0.40219.1
Project("{FAE04EC0-301F-11D3-BF4B-00C04F79EFBC}") = "01_LifeCycle", "01_LifeCycle.csproj", "{962DAC17-940D-44C9-8D62-9D6F07F7C608}"
EndProject
Global
	GlobalSection(SolutionConfigurationPlatforms) = preSolution
		Debug|Any CPU = Debug|Any CPU
		Release|Any CPU = Release|Any CPU
	EndGlobalSection
	GlobalSection(ProjectConfigurationPlatforms) = postSolution
		{962DAC17-940D-44C9-8D62-9D6F07F7C608}.Debug|Any CPU.ActiveCfg = Debug|Any CPU
		{962DAC17-940D-44C9-8D62-9D6F07F7C608}.Debug|Any CPU.Build.0 = Debug|Any CPU
		{962DAC17-940D-44C9-8D62-9D6F07F7C608}.Release|Any CPU.ActiveCfg = Release|Any CPU
		{962DAC17-940D-44C9-8D62-9D6F07F7C608}.Release|Any CPU.Build.0 = Release|Any CPU
	EndGlobalSection
	GlobalSection(SolutionProperties) = preSolution
		HideSolutionNode = FALSE
	EndGlobalSection
	GlobalSection(ExtensibilityGlobals) = postSolution
		SolutionGuid = {45133B05-22C2-4FDF-9212-BE18703331D5}
	EndGlobalSection
EndGlobal
